# THIS IS AN AUTOGENERATED FILE. DO NOT EDIT THIS FILE DIRECTLY.
# yarn lockfile v1


"@babel/helper-string-parser@^7.18.10":
  "integrity" "sha512-XtIfWmeNY3i4t7t4D2t02q50HvqHybPqW2ki1kosnvWCwuCMeo81Jf0gwr85jy/neUdg5XDdeFE/80DXiO+njw=="
  "resolved" "https://registry.npmmirror.com/@babel/helper-string-parser/-/helper-string-parser-7.18.10.tgz"
  "version" "7.18.10"

"@babel/helper-validator-identifier@^7.18.6":
  "integrity" "sha512-MmetCkz9ej86nJQV+sFCxoGGrUbU3q02kgLciwkrt9QqEB7cP39oKEY0PakknEO0Gu20SskMRi+AYZ3b1TpN9g=="
  "resolved" "https://registry.npmmirror.com/@babel/helper-validator-identifier/-/helper-validator-identifier-7.18.6.tgz"
  "version" "7.18.6"

"@babel/parser@^7.6.0", "@babel/parser@^7.9.6":
  "integrity" "sha512-9JKn5vN+hDt0Hdqn1PiJ2guflwP+B6Ga8qbDuoF0PzzVhrzsKIJo8yGqVk6CmMHiMei9w1C1Bp9IMJSIK+HPIQ=="
  "resolved" "https://registry.npmmirror.com/@babel/parser/-/parser-7.18.11.tgz"
  "version" "7.18.11"

"@babel/types@^7.6.1", "@babel/types@^7.9.6":
  "integrity" "sha512-MJvnbEiiNkpjo+LknnmRrqbY1GPUUggjv+wQVjetM/AONoupqRALB7I6jGqNUAZsKcRIEu2J6FRFvsczljjsaQ=="
  "resolved" "https://registry.npmmirror.com/@babel/types/-/types-7.18.10.tgz"
  "version" "7.18.10"
  dependencies:
    "@babel/helper-string-parser" "^7.18.10"
    "@babel/helper-validator-identifier" "^7.18.6"
    "to-fast-properties" "^2.0.0"

"acorn@^7.1.1":
  "integrity" "sha512-nQyp0o1/mNdbTO1PO6kHkwSrmgZ0MT/jCCpNiwbUjGoRN4dlBhqJtoQuCnEOKzgTVwg0ZWiCoQy6SxMebQVh8A=="
  "resolved" "https://registry.npmmirror.com/acorn/-/acorn-7.4.1.tgz"
  "version" "7.4.1"

"asap@~2.0.3":
  "integrity" "sha512-BSHWgDSAiKs50o2Re8ppvp3seVHXSRM44cdSsT9FfNEUUZLOGWVCsiWaRPWM1Znn+mqZ1OfVZ3z3DWEzSp7hRA=="
  "resolved" "https://registry.npmmirror.com/asap/-/asap-2.0.6.tgz"
  "version" "2.0.6"

"assert-never@^1.2.1":
  "integrity" "sha512-TaTivMB6pYI1kXwrFlEhLeGfOqoDNdTxjCdwRfFFkEA30Eu+k48W34nlok2EYWJfFFzqaEmichdNM7th6M5HNw=="
  "resolved" "https://registry.npmmirror.com/assert-never/-/assert-never-1.2.1.tgz"
  "version" "1.2.1"

"atob@^2.1.2":
  "integrity" "sha512-Wm6ukoaOGJi/73p/cl2GvLjTI5JM1k/O14isD73YML8StrH/7/lRFgmg8nICZgD3bZZvjwCGxtMOD3wWNAu8cg=="
  "resolved" "https://registry.npmmirror.com/atob/-/atob-2.1.2.tgz"
  "version" "2.1.2"

"babel-walk@3.0.0-canary-5":
  "integrity" "sha512-GAwkz0AihzY5bkwIY5QDR+LvsRQgB/B+1foMPvi0FZPMl5fjD7ICiznUiBdLYMH1QYe6vqu4gWYytZOccLouFw=="
  "resolved" "https://registry.npmmirror.com/babel-walk/-/babel-walk-3.0.0-canary-5.tgz"
  "version" "3.0.0-canary-5"
  dependencies:
    "@babel/types" "^7.9.6"

"balanced-match@^1.0.0":
  "integrity" "sha512-3oSeUO0TMV67hN1AmbXsK4yaqU7tjiHlbxRDZOpH0KW9+CeX4bRAaX0Anxt0tx2MrpRpWwQaPwIlISEJhYU5Pw=="
  "resolved" "https://registry.npmmirror.com/balanced-match/-/balanced-match-1.0.2.tgz"
  "version" "1.0.2"

"brace-expansion@^1.1.7":
  "integrity" "sha512-iCuPHDFgrHX7H2vEI/5xpz07zSHB00TpugqhmYtVmMO6518mCuRMoOYFldEBl0g187ufozdaHgWKcYFb61qGiA=="
  "resolved" "https://registry.npmmirror.com/brace-expansion/-/brace-expansion-1.1.11.tgz"
  "version" "1.1.11"
  dependencies:
    "balanced-match" "^1.0.0"
    "concat-map" "0.0.1"

"call-bind@^1.0.2":
  "integrity" "sha512-7O+FbCihrB5WGbFYesctwmTKae6rOiIzmz1icreWJ+0aA7LJfuqhEso2T9ncpcFtzMQtzXf2QGGueWJGTYsqrA=="
  "resolved" "https://registry.npmmirror.com/call-bind/-/call-bind-1.0.2.tgz"
  "version" "1.0.2"
  dependencies:
    "function-bind" "^1.1.1"
    "get-intrinsic" "^1.0.2"

"character-parser@^2.2.0":
  "integrity" "sha512-+UqJQjFEFaTAs3bNsF2j2kEN1baG/zghZbdqoYEDxGZtJo9LBzl1A+m0D4n3qKx8N2FNv8/Xp6yV9mQmBuptaw=="
  "resolved" "https://registry.npmmirror.com/character-parser/-/character-parser-2.2.0.tgz"
  "version" "2.2.0"
  dependencies:
    "is-regex" "^1.0.3"

"concat-map@0.0.1":
  "integrity" "sha512-/Srv4dswyQNBfohGpz9o6Yb3Gz3SrUDqBH5rTuhGR7ahtlbYKnVxw2bCFMRljaA7EXHaXZ8wsHdodFvbkhKmqg=="
  "resolved" "https://registry.npmmirror.com/concat-map/-/concat-map-0.0.1.tgz"
  "version" "0.0.1"

"constantinople@^4.0.1":
  "integrity" "sha512-vCrqcSIq4//Gx74TXXCGnHpulY1dskqLTFGDmhrGxzeXL8lF8kvXv6mpNWlJj1uD4DW23D4ljAqbY4RRaaUZIw=="
  "resolved" "https://registry.npmmirror.com/constantinople/-/constantinople-4.0.1.tgz"
  "version" "4.0.1"
  dependencies:
    "@babel/parser" "^7.6.0"
    "@babel/types" "^7.6.1"

"css@^3.0.0":
  "integrity" "sha512-DG9pFfwOrzc+hawpmqX/dHYHJG+Bsdb0klhyi1sDneOgGOXy9wQIC8hzyVp1e4NRYDBdxcylvywPkkXCHAzTyQ=="
  "resolved" "https://registry.npmmirror.com/css/-/css-3.0.0.tgz"
  "version" "3.0.0"
  dependencies:
    "inherits" "^2.0.4"
    "source-map" "^0.6.1"
    "source-map-resolve" "^0.6.0"

"debug@^4.3.2":
  "integrity" "sha512-PRWFHuSU3eDtQJPvnNY7Jcket1j0t5OuOsFzPPzsekD52Zl8qUfFIPEiswXqIvHWGVHOgX+7G/vCNNhehwxfkQ=="
  "resolved" "https://registry.npmmirror.com/debug/-/debug-4.3.4.tgz"
  "version" "4.3.4"
  dependencies:
    "ms" "2.1.2"

"decode-uri-component@^0.2.0":
  "integrity" "sha512-hjf+xovcEn31w/EUYdTXQh/8smFL/dzYjohQGEIgjyNavaJfBY2p5F527Bo1VPATxv0VYTUC2bOcXvqFwk78Og=="
  "resolved" "https://registry.npmmirror.com/decode-uri-component/-/decode-uri-component-0.2.0.tgz"
  "version" "0.2.0"

"doctypes@^1.1.0":
  "integrity" "sha512-LLBi6pEqS6Do3EKQ3J0NqHWV5hhb78Pi8vvESYwyOy2c31ZEZVdtitdzsQsKb7878PEERhzUk0ftqGhG6Mz+pQ=="
  "resolved" "https://registry.npmmirror.com/doctypes/-/doctypes-1.1.0.tgz"
  "version" "1.1.0"

"fs.realpath@^1.0.0":
  "integrity" "sha512-OO0pH2lK6a0hZnAdau5ItzHPI6pUlvI7jMVnxUQRtw4owF2wk8lOSabtGDCTP4Ggrg2MbGnWO9X8K1t4+fGMDw=="
  "resolved" "https://registry.npmmirror.com/fs.realpath/-/fs.realpath-1.0.0.tgz"
  "version" "1.0.0"

"function-bind@^1.1.1":
  "integrity" "sha512-yIovAzMX49sF8Yl58fSCWJ5svSLuaibPxXQJFLmBObTuCr0Mf1KiPopGM9NiFjiYBCbfaa2Fh6breQ6ANVTI0A=="
  "resolved" "https://registry.npmmirror.com/function-bind/-/function-bind-1.1.1.tgz"
  "version" "1.1.1"

"get-intrinsic@^1.0.2":
  "integrity" "sha512-Jfm3OyCxHh9DJyc28qGk+JmfkpO41A4XkneDSujN9MDXrm4oDKdHvndhZ2dN94+ERNfkYJWDclW6k2L/ZGHjXA=="
  "resolved" "https://registry.npmmirror.com/get-intrinsic/-/get-intrinsic-1.1.2.tgz"
  "version" "1.1.2"
  dependencies:
    "function-bind" "^1.1.1"
    "has" "^1.0.3"
    "has-symbols" "^1.0.3"

"glob@^7.1.6":
  "integrity" "sha512-nFR0zLpU2YCaRxwoCJvL6UvCH2JFyFVIvwTLsIf21AuHlMskA1hhTdk+LlYJtOlYt9v6dvszD2BGRqBL+iQK9Q=="
  "resolved" "https://registry.npmmirror.com/glob/-/glob-7.2.3.tgz"
  "version" "7.2.3"
  dependencies:
    "fs.realpath" "^1.0.0"
    "inflight" "^1.0.4"
    "inherits" "2"
    "minimatch" "^3.1.1"
    "once" "^1.3.0"
    "path-is-absolute" "^1.0.0"

"has-symbols@^1.0.2", "has-symbols@^1.0.3":
  "integrity" "sha512-l3LCuF6MgDNwTDKkdYGEihYjt5pRPbEg46rtlmnSPlUbgmB8LOIrKJbYYFBSbnPaJexMKtiPO8hmeRjRz2Td+A=="
  "resolved" "https://registry.npmmirror.com/has-symbols/-/has-symbols-1.0.3.tgz"
  "version" "1.0.3"

"has-tostringtag@^1.0.0":
  "integrity" "sha512-kFjcSNhnlGV1kyoGk7OXKSawH5JOb/LzUc5w9B02hOTO0dfFRjbHQKvg1d6cf3HbeUmtU9VbbV3qzZ2Teh97WQ=="
  "resolved" "https://registry.npmmirror.com/has-tostringtag/-/has-tostringtag-1.0.0.tgz"
  "version" "1.0.0"
  dependencies:
    "has-symbols" "^1.0.2"

"has@^1.0.3":
  "integrity" "sha512-f2dvO0VU6Oej7RkWJGrehjbzMAjFp5/VKPp5tTpWIV4JHHZK1/BxbFRtf/siA2SWTe09caDmVtYYzWEIbBS4zw=="
  "resolved" "https://registry.npmmirror.com/has/-/has-1.0.3.tgz"
  "version" "1.0.3"
  dependencies:
    "function-bind" "^1.1.1"

"hexo-renderer-pug@^3.0.0":
  "integrity" "sha512-PmbLx6VkNv+mPLOe97OC4F8iTzTuj665dSYN7bZKArd4M/q7gb2tNs29VGuAOC50i9tvWY2f+tPQimf0GZ9Hyw=="
  "resolved" "https://registry.npmmirror.com/hexo-renderer-pug/-/hexo-renderer-pug-3.0.0.tgz"
  "version" "3.0.0"
  dependencies:
    "pug" "^3.0.2"

"hexo-renderer-stylus@^2.1.0":
  "integrity" "sha512-Nef4YCr7JX8jaRaByhzXMSsWnDed+RgJj6aU/ARnYu3Bn5xz/qRz52VJG7KqD0Xuysxa9TIBdVUgNzBrSFn3DQ=="
  "resolved" "https://registry.npmmirror.com/hexo-renderer-stylus/-/hexo-renderer-stylus-2.1.0.tgz"
  "version" "2.1.0"
  dependencies:
    "nib" "^1.2.0"
    "stylus" "^0.57.0"

"hexo-theme-butterfly@^4.3.1":
  "integrity" "sha512-/z9LtWBXYvdi4EW8q06NgFjPC2oT6JdwRF8VTi0x2uY98LDSPxbM5AB/0ZROCbxtNpIGGAdkti5d10L+38ZKBg=="
  "resolved" "https://registry.npmmirror.com/hexo-theme-butterfly/-/hexo-theme-butterfly-4.3.1.tgz"
  "version" "4.3.1"
  dependencies:
    "hexo-renderer-pug" "^3.0.0"
    "hexo-renderer-stylus" "^2.1.0"

"inflight@^1.0.4":
  "integrity" "sha512-k92I/b08q4wvFscXCLvqfsHCrjrF7yiXsQuIVvVE7N82W3+aqpzuUdBbfhWcy/FZR3/4IgflMgKLOsvPDrGCJA=="
  "resolved" "https://registry.npmmirror.com/inflight/-/inflight-1.0.6.tgz"
  "version" "1.0.6"
  dependencies:
    "once" "^1.3.0"
    "wrappy" "1"

"inherits@^2.0.4", "inherits@2":
  "integrity" "sha512-k/vGaX4/Yla3WzyMCvTQOXYeIHvqOKtnqBduzTHpzpQZzAskKMhZ2K+EnBiSM9zGSoIFeMpXKxa4dYeZIQqewQ=="
  "resolved" "https://registry.npmmirror.com/inherits/-/inherits-2.0.4.tgz"
  "version" "2.0.4"

"is-core-module@^2.9.0":
  "integrity" "sha512-Erxj2n/LDAZ7H8WNJXd9tw38GYM3dv8rk8Zcs+jJuxYTW7sozH+SS8NtrSjVL1/vpLvWi1hxy96IzjJ3EHTJJg=="
  "resolved" "https://registry.npmmirror.com/is-core-module/-/is-core-module-2.10.0.tgz"
  "version" "2.10.0"
  dependencies:
    "has" "^1.0.3"

"is-expression@^4.0.0":
  "integrity" "sha512-zMIXX63sxzG3XrkHkrAPvm/OVZVSCPNkwMHU8oTX7/U3AL78I0QXCEICXUM13BIa8TYGZ68PiTKfQz3yaTNr4A=="
  "resolved" "https://registry.npmmirror.com/is-expression/-/is-expression-4.0.0.tgz"
  "version" "4.0.0"
  dependencies:
    "acorn" "^7.1.1"
    "object-assign" "^4.1.1"

"is-promise@^2.0.0":
  "integrity" "sha512-+lP4/6lKUBfQjZ2pdxThZvLUAafmZb8OAxFb8XXtiQmS35INgr85hdOGoEs124ez1FCnZJt6jau/T+alh58QFQ=="
  "resolved" "https://registry.npmmirror.com/is-promise/-/is-promise-2.2.2.tgz"
  "version" "2.2.2"

"is-regex@^1.0.3":
  "integrity" "sha512-kvRdxDsxZjhzUX07ZnLydzS1TU/TJlTUHHY4YLL87e37oUA49DfkLqgy+VjFocowy29cKvcSiu+kIv728jTTVg=="
  "resolved" "https://registry.npmmirror.com/is-regex/-/is-regex-1.1.4.tgz"
  "version" "1.1.4"
  dependencies:
    "call-bind" "^1.0.2"
    "has-tostringtag" "^1.0.0"

"js-stringify@^1.0.2":
  "integrity" "sha512-rtS5ATOo2Q5k1G+DADISilDA6lv79zIiwFd6CcjuIxGKLFm5C+RLImRscVap9k55i+MOZwgliw+NejvkLuGD5g=="
  "resolved" "https://registry.npmmirror.com/js-stringify/-/js-stringify-1.0.2.tgz"
  "version" "1.0.2"

"jstransformer@1.0.0":
  "integrity" "sha512-C9YK3Rf8q6VAPDCCU9fnqo3mAfOH6vUGnMcP4AQAYIEpWtfGLpwOTmZ+igtdK5y+VvI2n3CyYSzy4Qh34eq24A=="
  "resolved" "https://registry.npmmirror.com/jstransformer/-/jstransformer-1.0.0.tgz"
  "version" "1.0.0"
  dependencies:
    "is-promise" "^2.0.0"
    "promise" "^7.0.1"

"minimatch@^3.1.1":
  "integrity" "sha512-J7p63hRiAjw1NDEww1W7i37+ByIrOWO5XQQAzZ3VOcL0PNybwpfmV/N05zFAzwQ9USyEcX6t3UO+K5aqBQOIHw=="
  "resolved" "https://registry.npmmirror.com/minimatch/-/minimatch-3.1.2.tgz"
  "version" "3.1.2"
  dependencies:
    "brace-expansion" "^1.1.7"

"ms@2.1.2":
  "integrity" "sha512-sGkPx+VjMtmA6MX27oA4FBFELFCZZ4S4XqeGOXCv68tT+jb3vk/RyaKWP0PTKyWtmLSM0b+adUTEvbs1PEaH2w=="
  "resolved" "https://registry.npmmirror.com/ms/-/ms-2.1.2.tgz"
  "version" "2.1.2"

"nib@^1.2.0":
  "integrity" "sha512-7HgrnMl/3yOmWykueO8/D0q+0iWwe7Z+CK2Eaq/xQV8w1hK80WN1oReRQkfkrztbAAnp/nTHkUSl5EcVkor6JQ=="
  "resolved" "https://registry.npmmirror.com/nib/-/nib-1.2.0.tgz"
  "version" "1.2.0"

"object-assign@^4.1.1":
  "integrity" "sha512-rJgTQnkUnH1sFw8yT6VSU3zD3sWmu6sZhIseY8VX+GRu3P6F7Fu+JNDoXfklElbLJSnc3FUQHVe4cU5hj+BcUg=="
  "resolved" "https://registry.npmmirror.com/object-assign/-/object-assign-4.1.1.tgz"
  "version" "4.1.1"

"once@^1.3.0":
  "integrity" "sha512-lNaJgI+2Q5URQBkccEKHTQOPaXdUxnZZElQTZY0MFUAuaEqe1E+Nyvgdz/aIyNi6Z9MzO5dv1H8n58/GELp3+w=="
  "resolved" "https://registry.npmmirror.com/once/-/once-1.4.0.tgz"
  "version" "1.4.0"
  dependencies:
    "wrappy" "1"

"path-is-absolute@^1.0.0":
  "integrity" "sha512-AVbw3UJ2e9bq64vSaS9Am0fje1Pa8pbGqTTsmXfaIiMpnr5DlDhfJOuLj9Sf95ZPVDAUerDfEk88MPmPe7UCQg=="
  "resolved" "https://registry.npmmirror.com/path-is-absolute/-/path-is-absolute-1.0.1.tgz"
  "version" "1.0.1"

"path-parse@^1.0.7":
  "integrity" "sha512-LDJzPVEEEPR+y48z93A0Ed0yXb8pAByGWo/k5YYdYgpY2/2EsOsksJrq7lOHxryrVOn1ejG6oAp8ahvOIQD8sw=="
  "resolved" "https://registry.npmmirror.com/path-parse/-/path-parse-1.0.7.tgz"
  "version" "1.0.7"

"promise@^7.0.1":
  "integrity" "sha512-nolQXZ/4L+bP/UGlkfaIujX9BKxGwmQ9OT4mOt5yvy8iK1h3wqTEJCijzGANTCCl9nWjY41juyAn2K3Q1hLLTg=="
  "resolved" "https://registry.npmmirror.com/promise/-/promise-7.3.1.tgz"
  "version" "7.3.1"
  dependencies:
    "asap" "~2.0.3"

"pug-attrs@^3.0.0":
  "integrity" "sha512-azINV9dUtzPMFQktvTXciNAfAuVh/L/JCl0vtPCwvOA21uZrC08K/UnmrL+SXGEVc1FwzjW62+xw5S/uaLj6cA=="
  "resolved" "https://registry.npmmirror.com/pug-attrs/-/pug-attrs-3.0.0.tgz"
  "version" "3.0.0"
  dependencies:
    "constantinople" "^4.0.1"
    "js-stringify" "^1.0.2"
    "pug-runtime" "^3.0.0"

"pug-code-gen@^3.0.2":
  "integrity" "sha512-nJMhW16MbiGRiyR4miDTQMRWDgKplnHyeLvioEJYbk1RsPI3FuA3saEP8uwnTb2nTJEKBU90NFVWJBk4OU5qyg=="
  "resolved" "https://registry.npmmirror.com/pug-code-gen/-/pug-code-gen-3.0.2.tgz"
  "version" "3.0.2"
  dependencies:
    "constantinople" "^4.0.1"
    "doctypes" "^1.1.0"
    "js-stringify" "^1.0.2"
    "pug-attrs" "^3.0.0"
    "pug-error" "^2.0.0"
    "pug-runtime" "^3.0.0"
    "void-elements" "^3.1.0"
    "with" "^7.0.0"

"pug-error@^2.0.0":
  "integrity" "sha512-sjiUsi9M4RAGHktC1drQfCr5C5eriu24Lfbt4s+7SykztEOwVZtbFk1RRq0tzLxcMxMYTBR+zMQaG07J/btayQ=="
  "resolved" "https://registry.npmmirror.com/pug-error/-/pug-error-2.0.0.tgz"
  "version" "2.0.0"

"pug-filters@^4.0.0":
  "integrity" "sha512-yeNFtq5Yxmfz0f9z2rMXGw/8/4i1cCFecw/Q7+D0V2DdtII5UvqE12VaZ2AY7ri6o5RNXiweGH79OCq+2RQU4A=="
  "resolved" "https://registry.npmmirror.com/pug-filters/-/pug-filters-4.0.0.tgz"
  "version" "4.0.0"
  dependencies:
    "constantinople" "^4.0.1"
    "jstransformer" "1.0.0"
    "pug-error" "^2.0.0"
    "pug-walk" "^2.0.0"
    "resolve" "^1.15.1"

"pug-lexer@^5.0.1":
  "integrity" "sha512-0I6C62+keXlZPZkOJeVam9aBLVP2EnbeDw3An+k0/QlqdwH6rv8284nko14Na7c0TtqtogfWXcRoFE4O4Ff20w=="
  "resolved" "https://registry.npmmirror.com/pug-lexer/-/pug-lexer-5.0.1.tgz"
  "version" "5.0.1"
  dependencies:
    "character-parser" "^2.2.0"
    "is-expression" "^4.0.0"
    "pug-error" "^2.0.0"

"pug-linker@^4.0.0":
  "integrity" "sha512-gjD1yzp0yxbQqnzBAdlhbgoJL5qIFJw78juN1NpTLt/mfPJ5VgC4BvkoD3G23qKzJtIIXBbcCt6FioLSFLOHdw=="
  "resolved" "https://registry.npmmirror.com/pug-linker/-/pug-linker-4.0.0.tgz"
  "version" "4.0.0"
  dependencies:
    "pug-error" "^2.0.0"
    "pug-walk" "^2.0.0"

"pug-load@^3.0.0":
  "integrity" "sha512-OCjTEnhLWZBvS4zni/WUMjH2YSUosnsmjGBB1An7CsKQarYSWQ0GCVyd4eQPMFJqZ8w9xgs01QdiZXKVjk92EQ=="
  "resolved" "https://registry.npmmirror.com/pug-load/-/pug-load-3.0.0.tgz"
  "version" "3.0.0"
  dependencies:
    "object-assign" "^4.1.1"
    "pug-walk" "^2.0.0"

"pug-parser@^6.0.0":
  "integrity" "sha512-ukiYM/9cH6Cml+AOl5kETtM9NR3WulyVP2y4HOU45DyMim1IeP/OOiyEWRr6qk5I5klpsBnbuHpwKmTx6WURnw=="
  "resolved" "https://registry.npmmirror.com/pug-parser/-/pug-parser-6.0.0.tgz"
  "version" "6.0.0"
  dependencies:
    "pug-error" "^2.0.0"
    "token-stream" "1.0.0"

"pug-runtime@^3.0.0", "pug-runtime@^3.0.1":
  "integrity" "sha512-L50zbvrQ35TkpHwv0G6aLSuueDRwc/97XdY8kL3tOT0FmhgG7UypU3VztfV/LATAvmUfYi4wNxSajhSAeNN+Kg=="
  "resolved" "https://registry.npmmirror.com/pug-runtime/-/pug-runtime-3.0.1.tgz"
  "version" "3.0.1"

"pug-strip-comments@^2.0.0":
  "integrity" "sha512-zo8DsDpH7eTkPHCXFeAk1xZXJbyoTfdPlNR0bK7rpOMuhBYb0f5qUVCO1xlsitYd3w5FQTK7zpNVKb3rZoUrrQ=="
  "resolved" "https://registry.npmmirror.com/pug-strip-comments/-/pug-strip-comments-2.0.0.tgz"
  "version" "2.0.0"
  dependencies:
    "pug-error" "^2.0.0"

"pug-walk@^2.0.0":
  "integrity" "sha512-yYELe9Q5q9IQhuvqsZNwA5hfPkMJ8u92bQLIMcsMxf/VADjNtEYptU+inlufAFYcWdHlwNfZOEnOOQrZrcyJCQ=="
  "resolved" "https://registry.npmmirror.com/pug-walk/-/pug-walk-2.0.0.tgz"
  "version" "2.0.0"

"pug@^3.0.2":
  "integrity" "sha512-bp0I/hiK1D1vChHh6EfDxtndHji55XP/ZJKwsRqrz6lRia6ZC2OZbdAymlxdVFwd1L70ebrVJw4/eZ79skrIaw=="
  "resolved" "https://registry.npmmirror.com/pug/-/pug-3.0.2.tgz"
  "version" "3.0.2"
  dependencies:
    "pug-code-gen" "^3.0.2"
    "pug-filters" "^4.0.0"
    "pug-lexer" "^5.0.1"
    "pug-linker" "^4.0.0"
    "pug-load" "^3.0.0"
    "pug-parser" "^6.0.0"
    "pug-runtime" "^3.0.1"
    "pug-strip-comments" "^2.0.0"

"resolve@^1.15.1":
  "integrity" "sha512-nBpuuYuY5jFsli/JIs1oldw6fOQCBioohqWZg/2hiaOybXOft4lonv85uDOKXdf8rhyK159cxU5cDcK/NKk8zw=="
  "resolved" "https://registry.npmmirror.com/resolve/-/resolve-1.22.1.tgz"
  "version" "1.22.1"
  dependencies:
    "is-core-module" "^2.9.0"
    "path-parse" "^1.0.7"
    "supports-preserve-symlinks-flag" "^1.0.0"

"safer-buffer@^2.1.2":
  "integrity" "sha512-YZo3K82SD7Riyi0E1EQPojLz7kpepnSQI9IyPbHHg1XXXevb5dJI7tpyN2ADxGcQbHG7vcyRHk0cbwqcQriUtg=="
  "resolved" "https://registry.npmmirror.com/safer-buffer/-/safer-buffer-2.1.2.tgz"
  "version" "2.1.2"

"sax@~1.2.4":
  "integrity" "sha512-NqVDv9TpANUjFm0N8uM5GxL36UgKi9/atZw+x7YFnQ8ckwFGKrl4xX4yWtrey3UJm5nP1kUbnYgLopqWNSRhWw=="
  "resolved" "https://registry.npmmirror.com/sax/-/sax-1.2.4.tgz"
  "version" "1.2.4"

"source-map-resolve@^0.6.0":
  "integrity" "sha512-KXBr9d/fO/bWo97NXsPIAW1bFSBOuCnjbNTBMO7N59hsv5i9yzRDfcYwwt0l04+VqnKC+EwzvJZIP/qkuMgR/w=="
  "resolved" "https://registry.npmmirror.com/source-map-resolve/-/source-map-resolve-0.6.0.tgz"
  "version" "0.6.0"
  dependencies:
    "atob" "^2.1.2"
    "decode-uri-component" "^0.2.0"

"source-map@^0.6.1":
  "integrity" "sha512-UjgapumWlbMhkBgzT7Ykc5YXUT46F0iKu8SGXq0bcwP5dz/h0Plj6enJqjz1Zbq2l5WaqYnrVbwWOWMyF3F47g=="
  "resolved" "https://registry.npmmirror.com/source-map/-/source-map-0.6.1.tgz"
  "version" "0.6.1"

"source-map@^0.7.3":
  "integrity" "sha512-l3BikUxvPOcn5E74dZiq5BGsTb5yEwhaTSzccU6t4sDOH8NWJCstKO5QT2CvtFoK6F0saL7p9xHAqHOlCPJygA=="
  "resolved" "https://registry.npmmirror.com/source-map/-/source-map-0.7.4.tgz"
  "version" "0.7.4"

"stylus@*", "stylus@^0.57.0":
  "integrity" "sha512-yOI6G8WYfr0q8v8rRvE91wbxFU+rJPo760Va4MF6K0I6BZjO4r+xSynkvyPBP9tV1CIEUeRsiidjIs2rzb1CnQ=="
  "resolved" "https://registry.npmmirror.com/stylus/-/stylus-0.57.0.tgz"
  "version" "0.57.0"
  dependencies:
    "css" "^3.0.0"
    "debug" "^4.3.2"
    "glob" "^7.1.6"
    "safer-buffer" "^2.1.2"
    "sax" "~1.2.4"
    "source-map" "^0.7.3"

"supports-preserve-symlinks-flag@^1.0.0":
  "integrity" "sha512-ot0WnXS9fgdkgIcePe6RHNk1WA8+muPa6cSjeR3V8K27q9BB1rTE3R1p7Hv0z1ZyAc8s6Vvv8DIyWf681MAt0w=="
  "resolved" "https://registry.npmmirror.com/supports-preserve-symlinks-flag/-/supports-preserve-symlinks-flag-1.0.0.tgz"
  "version" "1.0.0"

"to-fast-properties@^2.0.0":
  "integrity" "sha512-/OaKK0xYrs3DmxRYqL/yDc+FxFUVYhDlXMhRmv3z915w2HF1tnN1omB354j8VUGO/hbRzyD6Y3sA7v7GS/ceog=="
  "resolved" "https://registry.npmmirror.com/to-fast-properties/-/to-fast-properties-2.0.0.tgz"
  "version" "2.0.0"

"token-stream@1.0.0":
  "integrity" "sha512-VSsyNPPW74RpHwR8Fc21uubwHY7wMDeJLys2IX5zJNih+OnAnaifKHo+1LHT7DAdloQ7apeaaWg8l7qnf/TnEg=="
  "resolved" "https://registry.npmmirror.com/token-stream/-/token-stream-1.0.0.tgz"
  "version" "1.0.0"

"void-elements@^3.1.0":
  "integrity" "sha512-Dhxzh5HZuiHQhbvTW9AMetFfBHDMYpo23Uo9btPXgdYP+3T5S+p+jgNy7spra+veYhBP2dCSgxR/i2Y02h5/6w=="
  "resolved" "https://registry.npmmirror.com/void-elements/-/void-elements-3.1.0.tgz"
  "version" "3.1.0"

"with@^7.0.0":
  "integrity" "sha512-RNGKj82nUPg3g5ygxkQl0R937xLyho1J24ItRCBTr/m1YnZkzJy1hUiHUJrc/VlsDQzsCnInEGSg3bci0Lmd4w=="
  "resolved" "https://registry.npmmirror.com/with/-/with-7.0.2.tgz"
  "version" "7.0.2"
  dependencies:
    "@babel/parser" "^7.9.6"
    "@babel/types" "^7.9.6"
    "assert-never" "^1.2.1"
    "babel-walk" "3.0.0-canary-5"

"wrappy@1":
  "integrity" "sha512-l4Sp/DRseor9wL6EvV2+TuQn63dMkPjZ/sp9XkghTEbV9KlPS1xUsZ3u7/IQO4wxtcFB4bgpQPRcR3QCvezPcQ=="
  "resolved" "https://registry.npmmirror.com/wrappy/-/wrappy-1.0.2.tgz"
  "version" "1.0.2"
